{
  "originHash" : "256bf4fb5fb12a26e2595702b898bc41d3bc0fceba56fa1904dcda4d3f281a15",
  "pins" : [
    {
      "identity" : "faissmobile",
      "kind" : "remoteSourceControl",
      "location" : "https://github.com/impel-intelligence/FaissMobile",
      "state" : {
        "revision" : "85206d043d299eab3be4e7f5bafc34ec27dce829",
        "version" : "0.0.2"
      }
    },
    {
      "identity" : "grdb.swift",
      "kind" : "remoteSourceControl",
      "location" : "https://github.com/groue/GRDB.swift",
      "state" : {
        "revision" : "9ed8c8457e00ff9c7aedb3bf213f20a2cfdf509e",
        "version" : "7.11.0"
      }
    },
    {
      "identity" : "irissearch",
      "kind" : "remoteSourceControl",
      "location" : "https://github.com/impel-intelligence/IrisSearch",
      "state" : {
        "revision" : "009a10834cf45737b9ae53cb1f3103cc53c14fbe",
        "version" : "0.2.3"
      }
    },
    {
      "identity" : "sfsymbols",
      "kind" : "remoteSourceControl",
      "location" : "https://github.com/ActuallyTaylor/SFSymbols",
      "state" : {
        "revision" : "b52a96089cae21a7174ad723d03fa7427392e6c7",
        "version" : "7.0.0"
      }
    },
    {
      "identity" : "swift-syntax",
      "kind" : "remoteSourceControl",
      "location" : "https://github.com/swiftlang/swift-syntax.git",
      "state" : {
        "revision" : "79e4b74a295b6eb74a8b585e3a39d29e70c1dbd1",
        "version" : "603.0.2"
      }
    },
    {
      "identity" : "swiftfaiss",
      "kind" : "remoteSourceControl",
      "location" : "https://github.com/impel-intelligence/SwiftFaiss",
      "state" : {
        "revision" : "0527a271e005e86b71437129e7d2173bba8d7db4",
        "version" : "0.3.2"
      }
    },
    {
      "identity" : "viewstorage",
      "kind" : "remoteSourceControl",
      "location" : "https://github.com/impel-intelligence/ViewStorage",
      "state" : {
        "revision" : "192ff3521e0495b4e01cdff4be37fea1071d1ac3",
        "version" : "1.4.0"
      }
    }
  ],
  "version" : 3
}
