{
  "originHash" : "5f1d7e6d80af8cbaa4d2095e3a8358a65e1c14f1ff95fdf75cb48ba4216dd32b",
  "pins" : [
    {
      "identity" : "sfsymbols",
      "kind" : "remoteSourceControl",
      "location" : "https://github.com/ActuallyTaylor/SFSymbols",
      "state" : {
        "revision" : "b52a96089cae21a7174ad723d03fa7427392e6c7",
        "version" : "7.0.0"
      }
    }
  ],
  "version" : 3
}
