// !$*UTF8*$!
{
	archiveVersion = 1;
	classes = {
	};
	objectVersion = 77;
	objects = {

/* Begin PBXBuildFile section */
		DB0CF5872FEDCB9E0036306B /* ViewStorage in Frameworks */ = {isa = PBXBuildFile; productRef = DB0CF5862FEDCB9E0036306B /* ViewStorage */; };
		DB0CF5892FEDCB9E0036306B /* ViewStorageClient in Frameworks */ = {isa = PBXBuildFile; productRef = DB0CF5882FEDCB9E0036306B /* ViewStorageClient */; };
		DB0CF5932FEDCBE80036306B /* BlurbKit in Frameworks */ = {isa = PBXBuildFile; productRef = DB0CF5922FEDCBE80036306B /* BlurbKit */; };
		DB0CF5962FEDCBF80036306B /* OrderedCollections in Frameworks */ = {isa = PBXBuildFile; productRef = DB0CF5952FEDCBF80036306B /* OrderedCollections */; };
		DB0CF5992FEDCC040036306B /* SFSafeSymbols in Frameworks */ = {isa = PBXBuildFile; productRef = DB0CF5982FEDCC040036306B /* SFSafeSymbols */; };
		DB0CF59F2FEDCD1D0036306B /* SentrySPM in Frameworks */ = {isa = PBXBuildFile; productRef = DB0CF59E2FEDCD1D0036306B /* SentrySPM */; };
		DB2BB96130052C7D00900E62 /* Digester in Frameworks */ = {isa = PBXBuildFile; productRef = DB2BB96030052C7D00900E62 /* Digester */; };
		DB2BB96330052C7D00900E62 /* IrisCommon in Frameworks */ = {isa = PBXBuildFile; productRef = DB2BB96230052C7D00900E62 /* IrisCommon */; };
		DB2BB96530052C7D00900E62 /* IrisSearch in Frameworks */ = {isa = PBXBuildFile; productRef = DB2BB96430052C7D00900E62 /* IrisSearch */; };
		DB9695562FF440F200CB037A /* Textual in Frameworks */ = {isa = PBXBuildFile; productRef = DB9695552FF440F200CB037A /* Textual */; };
		DB9696AA2FF492BF00CB037A /* DatabaseSchema in Frameworks */ = {isa = PBXBuildFile; productRef = DB9696A92FF492BF00CB037A /* DatabaseSchema */; };
		DB9696AC2FF492BF00CB037A /* MinnaChat in Frameworks */ = {isa = PBXBuildFile; productRef = DB9696AB2FF492BF00CB037A /* MinnaChat */; };
		DB9696AE2FF492C000CB037A /* ModelManager in Frameworks */ = {isa = PBXBuildFile; productRef = DB9696AD2FF492C000CB037A /* ModelManager */; };
		DBD7CF502FF5689400A2CA0A /* KeychainSwift in Frameworks */ = {isa = PBXBuildFile; productRef = DBD7CF4F2FF5689400A2CA0A /* KeychainSwift */; };
		DBD7CFBB2FF59FEC00A2CA0A /* ModernSettingsWindow in Frameworks */ = {isa = PBXBuildFile; productRef = DBD7CFBA2FF59FEC00A2CA0A /* ModernSettingsWindow */; };
/* End PBXBuildFile section */

/* Begin PBXContainerItemProxy section */
		DB0CF4E02FEDCA6D0036306B /* PBXContainerItemProxy */ = {
			isa = PBXContainerItemProxy;
			containerPortal = DB0CF4C82FEDCA6B0036306B /* Project object */;
			proxyType = 1;
			remoteGlobalIDString = DB0CF4CF2FEDCA6B0036306B;
			remoteInfo = Minna;
		};
		DB0CF4EA2FEDCA6D0036306B /* PBXContainerItemProxy */ = {
			isa = PBXContainerItemProxy;
			containerPortal = DB0CF4C82FEDCA6B0036306B /* Project object */;
			proxyType = 1;
			remoteGlobalIDString = DB0CF4CF2FEDCA6B0036306B;
			remoteInfo = Minna;
		};
/* End PBXContainerItemProxy section */

/* Begin PBXFileReference section */
		DB0CF4D02FEDCA6B0036306B /* Minna.app */ = {isa = PBXFileReference; explicitFileType = wrapper.application; includeInIndex = 0; path = Minna.app; sourceTree = BUILT_PRODUCTS_DIR; };
		DB0CF4DF2FEDCA6D0036306B /* MinnaTests.xctest */ = {isa = PBXFileReference; explicitFileType = wrapper.cfbundle; includeInIndex = 0; path = MinnaTests.xctest; sourceTree = BUILT_PRODUCTS_DIR; };
		DB0CF4E92FEDCA6D0036306B /* MinnaUITests.xctest */ = {isa = PBXFileReference; explicitFileType = wrapper.cfbundle; includeInIndex = 0; path = MinnaUITests.xctest; sourceTree = BUILT_PRODUCTS_DIR; };
		DB2BB95F30052C4D00900E62 /* IrisSearch */ = {isa = PBXFileReference; lastKnownFileType = wrapper; path = IrisSearch; sourceTree = "<group>"; };
		DB3F89CE30005AA4003FE515 /* Sparkle.framework */ = {isa = PBXFileReference; lastKnownFileType = wrapper.framework; path = Sparkle.framework; sourceTree = "<group>"; };
		DB9696A62FF4929600CB037A /* DatabaseSchema */ = {isa = PBXFileReference; lastKnownFileType = wrapper; path = DatabaseSchema; sourceTree = "<group>"; };
		DB9696A72FF4929600CB037A /* MinnaChat */ = {isa = PBXFileReference; lastKnownFileType = wrapper; path = MinnaChat; sourceTree = "<group>"; };
/* End PBXFileReference section */

/* Begin PBXFileSystemSynchronizedBuildFileExceptionSet section */
		DB0CF5842FEDCADC0036306B /* Exceptions for "Minna" folder in "Minna" target */ = {
			isa = PBXFileSystemSynchronizedBuildFileExceptionSet;
			membershipExceptions = (
				Info.plist,
			);
			target = DB0CF4CF2FEDCA6B0036306B /* Minna */;
		};
		DB0CF7272FEDE8950036306B /* Exceptions for "ci_scripts" folder in "Minna" target */ = {
			isa = PBXFileSystemSynchronizedBuildFileExceptionSet;
			membershipExceptions = (
				ci_post_clone.sh,
				macros.json,
				plugins.json,
			);
			target = DB0CF4CF2FEDCA6B0036306B /* Minna */;
		};
/* End PBXFileSystemSynchronizedBuildFileExceptionSet section */

/* Begin PBXFileSystemSynchronizedRootGroup section */
		DB0CF4D22FEDCA6B0036306B /* Minna */ = {
			isa = PBXFileSystemSynchronizedRootGroup;
			exceptions = (
				DB0CF5842FEDCADC0036306B /* Exceptions for "Minna" folder in "Minna" target */,
			);
			path = Minna;
			sourceTree = "<group>";
		};
		DB0CF4E22FEDCA6D0036306B /* MinnaTests */ = {
			isa = PBXFileSystemSynchronizedRootGroup;
			path = MinnaTests;
			sourceTree = "<group>";
		};
		DB0CF4EC2FEDCA6D0036306B /* MinnaUITests */ = {
			isa = PBXFileSystemSynchronizedRootGroup;
			path = MinnaUITests;
			sourceTree = "<group>";
		};
		DB0CF7242FEDE88A0036306B /* ci_scripts */ = {
			isa = PBXFileSystemSynchronizedRootGroup;
			exceptions = (
				DB0CF7272FEDE8950036306B /* Exceptions for "ci_scripts" folder in "Minna" target */,
			);
			path = ci_scripts;
			sourceTree = "<group>";
		};
/* End PBXFileSystemSynchronizedRootGroup section */

/* Begin PBXFrameworksBuildPhase section */
		DB0CF4CD2FEDCA6B0036306B /* Frameworks */ = {
			isa = PBXFrameworksBuildPhase;
			buildActionMask = 2147483647;
			files = (
				DBD7CFBB2FF59FEC00A2CA0A /* ModernSettingsWindow in Frameworks */,
				DB0CF59F2FEDCD1D0036306B /* SentrySPM in Frameworks */,
				DB0CF5892FEDCB9E0036306B /* ViewStorageClient in Frameworks */,
				DB2BB96530052C7D00900E62 /* IrisSearch in Frameworks */,
				DBD7CF502FF5689400A2CA0A /* KeychainSwift in Frameworks */,
				DB9695562FF440F200CB037A /* Textual in Frameworks */,
				DB9696AE2FF492C000CB037A /* ModelManager in Frameworks */,
				DB0CF5872FEDCB9E0036306B /* ViewStorage in Frameworks */,
				DB0CF5962FEDCBF80036306B /* OrderedCollections in Frameworks */,
				DB0CF5992FEDCC040036306B /* SFSafeSymbols in Frameworks */,
				DB9696AA2FF492BF00CB037A /* DatabaseSchema in Frameworks */,
				DB9696AC2FF492BF00CB037A /* MinnaChat in Frameworks */,
				DB2BB96130052C7D00900E62 /* Digester in Frameworks */,
				DB2BB96330052C7D00900E62 /* IrisCommon in Frameworks */,
				DB0CF5932FEDCBE80036306B /* BlurbKit in Frameworks */,
			);
			runOnlyForDeploymentPostprocessing = 0;
		};
		DB0CF4DC2FEDCA6D0036306B /* Frameworks */ = {
			isa = PBXFrameworksBuildPhase;
			buildActionMask = 2147483647;
			files = (
			);
			runOnlyForDeploymentPostprocessing = 0;
		};
		DB0CF4E62FEDCA6D0036306B /* Frameworks */ = {
			isa = PBXFrameworksBuildPhase;
			buildActionMask = 2147483647;
			files = (
			);
			runOnlyForDeploymentPostprocessing = 0;
		};
/* End PBXFrameworksBuildPhase section */

/* Begin PBXGroup section */
		DB0CF4C72FEDCA6B0036306B = {
			isa = PBXGroup;
			children = (
				DB0CF7242FEDE88A0036306B /* ci_scripts */,
				DB0CF4D22FEDCA6B0036306B /* Minna */,
				DB0CF4E22FEDCA6D0036306B /* MinnaTests */,
				DB0CF4EC2FEDCA6D0036306B /* MinnaUITests */,
				DB9695E82FF4718400CB037A /* Frameworks */,
				DB0CF4D12FEDCA6B0036306B /* Products */,
				DB9696A82FF4929600CB037A /* Packages */,
				DB3F89CF30005AA4003FE515 /* Frameworks */,
			);
			sourceTree = "<group>";
		};
		DB0CF4D12FEDCA6B0036306B /* Products */ = {
			isa = PBXGroup;
			children = (
				DB0CF4D02FEDCA6B0036306B /* Minna.app */,
				DB0CF4DF2FEDCA6D0036306B /* MinnaTests.xctest */,
				DB0CF4E92FEDCA6D0036306B /* MinnaUITests.xctest */,
			);
			name = Products;
			sourceTree = "<group>";
		};
		DB3F89CF30005AA4003FE515 /* Frameworks */ = {
			isa = PBXGroup;
			children = (
				DB3F89CE30005AA4003FE515 /* Sparkle.framework */,
			);
			path = Frameworks;
			sourceTree = "<group>";
		};
		DB9695E82FF4718400CB037A /* Frameworks */ = {
			isa = PBXGroup;
			children = (
			);
			name = Frameworks;
			sourceTree = "<group>";
		};
		DB9696A82FF4929600CB037A /* Packages */ = {
			isa = PBXGroup;
			children = (
				DB2BB95F30052C4D00900E62 /* IrisSearch */,
				DB9696A62FF4929600CB037A /* DatabaseSchema */,
				DB9696A72FF4929600CB037A /* MinnaChat */,
			);
			path = Packages;
			sourceTree = "<group>";
		};
/* End PBXGroup section */

/* Begin PBXNativeTarget section */
		DB0CF4CF2FEDCA6B0036306B /* Minna */ = {
			isa = PBXNativeTarget;
			buildConfigurationList = DB0CF4F32FEDCA6D0036306B /* Build configuration list for PBXNativeTarget "Minna" */;
			buildPhases = (
				DB0CF4CC2FEDCA6B0036306B /* Sources */,
				DB0CF4CD2FEDCA6B0036306B /* Frameworks */,
				DB0CF4CE2FEDCA6B0036306B /* Resources */,
				DB3F89D930005AF1003FE515 /* Clean Sparkle */,
			);
			buildRules = (
			);
			dependencies = (
				DBDCAF2D30013DAD00CAB9BC /* PBXTargetDependency */,
			);
			fileSystemSynchronizedGroups = (
				DB0CF4D22FEDCA6B0036306B /* Minna */,
				DB0CF7242FEDE88A0036306B /* ci_scripts */,
			);
			name = Minna;
			packageProductDependencies = (
				DB0CF5862FEDCB9E0036306B /* ViewStorage */,
				DB0CF5882FEDCB9E0036306B /* ViewStorageClient */,
				DB0CF5922FEDCBE80036306B /* BlurbKit */,
				DB0CF5952FEDCBF80036306B /* OrderedCollections */,
				DB0CF5982FEDCC040036306B /* SFSafeSymbols */,
				DB0CF59E2FEDCD1D0036306B /* SentrySPM */,
				DB9695552FF440F200CB037A /* Textual */,
				DB9696A92FF492BF00CB037A /* DatabaseSchema */,
				DB9696AB2FF492BF00CB037A /* MinnaChat */,
				DB9696AD2FF492C000CB037A /* ModelManager */,
				DBD7CF4F2FF5689400A2CA0A /* KeychainSwift */,
				DBD7CFBA2FF59FEC00A2CA0A /* ModernSettingsWindow */,
				DB2BB96030052C7D00900E62 /* Digester */,
				DB2BB96230052C7D00900E62 /* IrisCommon */,
				DB2BB96430052C7D00900E62 /* IrisSearch */,
			);
			productName = Minna;
			productReference = DB0CF4D02FEDCA6B0036306B /* Minna.app */;
			productType = "com.apple.product-type.application";
		};
		DB0CF4DE2FEDCA6D0036306B /* MinnaTests */ = {
			isa = PBXNativeTarget;
			buildConfigurationList = DB0CF4F62FEDCA6D0036306B /* Build configuration list for PBXNativeTarget "MinnaTests" */;
			buildPhases = (
				DB0CF4DB2FEDCA6D0036306B /* Sources */,
				DB0CF4DC2FEDCA6D0036306B /* Frameworks */,
				DB0CF4DD2FEDCA6D0036306B /* Resources */,
			);
			buildRules = (
			);
			dependencies = (
				DB0CF4E12FEDCA6D0036306B /* PBXTargetDependency */,
			);
			fileSystemSynchronizedGroups = (
				DB0CF4E22FEDCA6D0036306B /* MinnaTests */,
			);
			name = MinnaTests;
			packageProductDependencies = (
			);
			productName = MinnaTests;
			productReference = DB0CF4DF2FEDCA6D0036306B /* MinnaTests.xctest */;
			productType = "com.apple.product-type.bundle.unit-test";
		};
		DB0CF4E82FEDCA6D0036306B /* MinnaUITests */ = {
			isa = PBXNativeTarget;
			buildConfigurationList = DB0CF4F92FEDCA6D0036306B /* Build configuration list for PBXNativeTarget "MinnaUITests" */;
			buildPhases = (
				DB0CF4E52FEDCA6D0036306B /* Sources */,
				DB0CF4E62FEDCA6D0036306B /* Frameworks */,
				DB0CF4E72FEDCA6D0036306B /* Resources */,
			);
			buildRules = (
			);
			dependencies = (
				DB0CF4EB2FEDCA6D0036306B /* PBXTargetDependency */,
			);
			fileSystemSynchronizedGroups = (
				DB0CF4EC2FEDCA6D0036306B /* MinnaUITests */,
			);
			name = MinnaUITests;
			packageProductDependencies = (
			);
			productName = MinnaUITests;
			productReference = DB0CF4E92FEDCA6D0036306B /* MinnaUITests.xctest */;
			productType = "com.apple.product-type.bundle.ui-testing";
		};
/* End PBXNativeTarget section */

/* Begin PBXProject section */
		DB0CF4C82FEDCA6B0036306B /* Project object */ = {
			isa = PBXProject;
			attributes = {
				BuildIndependentTargetsInParallel = 1;
				LastSwiftUpdateCheck = 2660;
				LastUpgradeCheck = 2660;
				TargetAttributes = {
					DB0CF4CF2FEDCA6B0036306B = {
						CreatedOnToolsVersion = 26.6;
						LastSwiftMigration = 2660;
					};
					DB0CF4DE2FEDCA6D0036306B = {
						CreatedOnToolsVersion = 26.6;
						TestTargetID = DB0CF4CF2FEDCA6B0036306B;
					};
					DB0CF4E82FEDCA6D0036306B = {
						CreatedOnToolsVersion = 26.6;
						TestTargetID = DB0CF4CF2FEDCA6B0036306B;
					};
				};
			};
			buildConfigurationList = DB0CF4CB2FEDCA6B0036306B /* Build configuration list for PBXProject "Minna" */;
			developmentRegion = en;
			hasScannedForEncodings = 0;
			knownRegions = (
				en,
				Base,
			);
			mainGroup = DB0CF4C72FEDCA6B0036306B;
			minimizedProjectReferenceProxies = 1;
			packageReferences = (
				DB0CF5852FEDCB9E0036306B /* XCRemoteSwiftPackageReference "ViewStorage" */,
				DB0CF5912FEDCBE80036306B /* XCRemoteSwiftPackageReference "BlurbKit" */,
				DB0CF5942FEDCBF80036306B /* XCRemoteSwiftPackageReference "swift-collections" */,
				DB0CF5972FEDCC040036306B /* XCRemoteSwiftPackageReference "SFSafeSymbols" */,
				DB0CF59D2FEDCD1D0036306B /* XCRemoteSwiftPackageReference "sentry-cocoa" */,
				DB0CF5A12FEDD0970036306B /* XCRemoteSwiftPackageReference "SwiftLintPlugins" */,
				DB9695542FF440F200CB037A /* XCRemoteSwiftPackageReference "textual" */,
				DBD7CF4E2FF5689400A2CA0A /* XCRemoteSwiftPackageReference "keychain-swift" */,
				DBD7CFB92FF59FEC00A2CA0A /* XCRemoteSwiftPackageReference "ModernSettings" */,
			);
			preferredProjectObjectVersion = 77;
			productRefGroup = DB0CF4D12FEDCA6B0036306B /* Products */;
			projectDirPath = "";
			projectRoot = "";
			targets = (
				DB0CF4CF2FEDCA6B0036306B /* Minna */,
				DB0CF4DE2FEDCA6D0036306B /* MinnaTests */,
				DB0CF4E82FEDCA6D0036306B /* MinnaUITests */,
			);
		};
/* End PBXProject section */

/* Begin PBXResourcesBuildPhase section */
		DB0CF4CE2FEDCA6B0036306B /* Resources */ = {
			isa = PBXResourcesBuildPhase;
			buildActionMask = 2147483647;
			files = (
			);
			runOnlyForDeploymentPostprocessing = 0;
		};
		DB0CF4DD2FEDCA6D0036306B /* Resources */ = {
			isa = PBXResourcesBuildPhase;
			buildActionMask = 2147483647;
			files = (
			);
			runOnlyForDeploymentPostprocessing = 0;
		};
		DB0CF4E72FEDCA6D0036306B /* Resources */ = {
			isa = PBXResourcesBuildPhase;
			buildActionMask = 2147483647;
			files = (
			);
			runOnlyForDeploymentPostprocessing = 0;
		};
/* End PBXResourcesBuildPhase section */

/* Begin PBXShellScriptBuildPhase section */
		DB3F89D930005AF1003FE515 /* Clean Sparkle */ = {
			isa = PBXShellScriptBuildPhase;
			alwaysOutOfDate = 1;
			buildActionMask = 2147483647;
			files = (
			);
			inputFileListPaths = (
			);
			inputPaths = (
			);
			name = "Clean Sparkle";
			outputFileListPaths = (
			);
			outputPaths = (
			);
			runOnlyForDeploymentPostprocessing = 0;
			shellPath = /bin/sh;
			shellScript = "FRAMEWORK_DEST=\"${TARGET_BUILD_DIR}/${FRAMEWORKS_FOLDER_PATH}/Sparkle.framework\"\nif [[ \"$CONFIGURATION\" == \"Debug Sparkle\" || \"$CONFIGURATION\" == \"Release Sparkle\" ]]; then\n    echo \"Embedding Sparkle.framework\"\n    mkdir -p \"${TARGET_BUILD_DIR}/${FRAMEWORKS_FOLDER_PATH}\"\n    rm -rf \"$FRAMEWORK_DEST\"\n    ditto \"${PROJECT_DIR}/Frameworks/Sparkle.framework\" \"$FRAMEWORK_DEST\"\n    codesign --force --deep --options runtime --timestamp --sign \"$EXPANDED_CODE_SIGN_IDENTITY\" \"$FRAMEWORK_DEST\"\nelse\n    echo \"Removing Sparkle.framework for configuration: $CONFIGURATION\"\n    rm -rf \"$FRAMEWORK_DEST\"\nfi\n";
		};
/* End PBXShellScriptBuildPhase section */

/* Begin PBXSourcesBuildPhase section */
		DB0CF4CC2FEDCA6B0036306B /* Sources */ = {
			isa = PBXSourcesBuildPhase;
			buildActionMask = 2147483647;
			files = (
			);
			runOnlyForDeploymentPostprocessing = 0;
		};
		DB0CF4DB2FEDCA6D0036306B /* Sources */ = {
			isa = PBXSourcesBuildPhase;
			buildActionMask = 2147483647;
			files = (
			);
			runOnlyForDeploymentPostprocessing = 0;
		};
		DB0CF4E52FEDCA6D0036306B /* Sources */ = {
			isa = PBXSourcesBuildPhase;
			buildActionMask = 2147483647;
			files = (
			);
			runOnlyForDeploymentPostprocessing = 0;
		};
/* End PBXSourcesBuildPhase section */

/* Begin PBXTargetDependency section */
		DB0CF4E12FEDCA6D0036306B /* PBXTargetDependency */ = {
			isa = PBXTargetDependency;
			target = DB0CF4CF2FEDCA6B0036306B /* Minna */;
			targetProxy = DB0CF4E02FEDCA6D0036306B /* PBXContainerItemProxy */;
		};
		DB0CF4EB2FEDCA6D0036306B /* PBXTargetDependency */ = {
			isa = PBXTargetDependency;
			target = DB0CF4CF2FEDCA6B0036306B /* Minna */;
			targetProxy = DB0CF4EA2FEDCA6D0036306B /* PBXContainerItemProxy */;
		};
		DBDCAF2D30013DAD00CAB9BC /* PBXTargetDependency */ = {
			isa = PBXTargetDependency;
			productRef = DBDCAF2C30013DAD00CAB9BC /* SwiftLintBuildToolPlugin */;
		};
/* End PBXTargetDependency section */

/* Begin XCBuildConfiguration section */
		DB0CF4F12FEDCA6D0036306B /* Debug */ = {
			isa = XCBuildConfiguration;
			buildSettings = {
				ALWAYS_SEARCH_USER_PATHS = NO;
				ASSETCATALOG_COMPILER_GENERATE_SWIFT_ASSET_SYMBOL_EXTENSIONS = YES;
				CLANG_ANALYZER_NONNULL = YES;
				CLANG_ANALYZER_NUMBER_OBJECT_CONVERSION = YES_AGGRESSIVE;
				CLANG_CXX_LANGUAGE_STANDARD = "gnu++20";
				CLANG_ENABLE_MODULES = YES;
				CLANG_ENABLE_OBJC_ARC = YES;
				CLANG_ENABLE_OBJC_WEAK = YES;
				CLANG_WARN_BLOCK_CAPTURE_AUTORELEASING = YES;
				CLANG_WARN_BOOL_CONVERSION = YES;
				CLANG_WARN_COMMA = YES;
				CLANG_WARN_CONSTANT_CONVERSION = YES;
				CLANG_WARN_DEPRECATED_OBJC_IMPLEMENTATIONS = YES;
				CLANG_WARN_DIRECT_OBJC_ISA_USAGE = YES_ERROR;
				CLANG_WARN_DOCUMENTATION_COMMENTS = YES;
				CLANG_WARN_EMPTY_BODY = YES;
				CLANG_WARN_ENUM_CONVERSION = YES;
				CLANG_WARN_INFINITE_RECURSION = YES;
				CLANG_WARN_INT_CONVERSION = YES;
				CLANG_WARN_NON_LITERAL_NULL_CONVERSION = YES;
				CLANG_WARN_OBJC_IMPLICIT_RETAIN_SELF = YES;
				CLANG_WARN_OBJC_LITERAL_CONVERSION = YES;
				CLANG_WARN_OBJC_ROOT_CLASS = YES_ERROR;
				CLANG_WARN_QUOTED_INCLUDE_IN_FRAMEWORK_HEADER = YES;
				CLANG_WARN_RANGE_LOOP_ANALYSIS = YES;
				CLANG_WARN_STRICT_PROTOTYPES = YES;
				CLANG_WARN_SUSPICIOUS_MOVE = YES;
				CLANG_WARN_UNGUARDED_AVAILABILITY = YES_AGGRESSIVE;
				CLANG_WARN_UNREACHABLE_CODE = YES;
				CLANG_WARN__DUPLICATE_METHOD_MATCH = YES;
				COPY_PHASE_STRIP = NO;
				DEBUG_INFORMATION_FORMAT = dwarf;
				DEVELOPMENT_TEAM = VV548YNZL3;
				ENABLE_STRICT_OBJC_MSGSEND = YES;
				ENABLE_TESTABILITY = YES;
				ENABLE_USER_SCRIPT_SANDBOXING = YES;
				GCC_C_LANGUAGE_STANDARD = gnu17;
				GCC_DYNAMIC_NO_PIC = NO;
				GCC_NO_COMMON_BLOCKS = YES;
				GCC_OPTIMIZATION_LEVEL = 0;
				GCC_PREPROCESSOR_DEFINITIONS = (
					"DEBUG=1",
					"$(inherited)",
				);
				GCC_WARN_64_TO_32_BIT_CONVERSION = YES;
				GCC_WARN_ABOUT_RETURN_TYPE = YES_ERROR;
				GCC_WARN_UNDECLARED_SELECTOR = YES;
				GCC_WARN_UNINITIALIZED_AUTOS = YES_AGGRESSIVE;
				GCC_WARN_UNUSED_FUNCTION = YES;
				GCC_WARN_UNUSED_VARIABLE = YES;
				LOCALIZATION_PREFERS_STRING_CATALOGS = YES;
				MACOSX_DEPLOYMENT_TARGET = 26.5;
				MTL_ENABLE_DEBUG_INFO = INCLUDE_SOURCE;
				MTL_FAST_MATH = YES;
				ONLY_ACTIVE_ARCH = YES;
				SDKROOT = macosx;
				SWIFT_ACTIVE_COMPILATION_CONDITIONS = "DEBUG $(inherited)";
				SWIFT_OPTIMIZATION_LEVEL = "-Onone";
			};
			name = Debug;
		};
		DB0CF4F22FEDCA6D0036306B /* Release */ = {
			isa = XCBuildConfiguration;
			buildSettings = {
				ALWAYS_SEARCH_USER_PATHS = NO;
				ASSETCATALOG_COMPILER_GENERATE_SWIFT_ASSET_SYMBOL_EXTENSIONS = YES;
				CLANG_ANALYZER_NONNULL = YES;
				CLANG_ANALYZER_NUMBER_OBJECT_CONVERSION = YES_AGGRESSIVE;
				CLANG_CXX_LANGUAGE_STANDARD = "gnu++20";
				CLANG_ENABLE_MODULES = YES;
				CLANG_ENABLE_OBJC_ARC = YES;
				CLANG_ENABLE_OBJC_WEAK = YES;
				CLANG_WARN_BLOCK_CAPTURE_AUTORELEASING = YES;
				CLANG_WARN_BOOL_CONVERSION = YES;
				CLANG_WARN_COMMA = YES;
				CLANG_WARN_CONSTANT_CONVERSION = YES;
				CLANG_WARN_DEPRECATED_OBJC_IMPLEMENTATIONS = YES;
				CLANG_WARN_DIRECT_OBJC_ISA_USAGE = YES_ERROR;
				CLANG_WARN_DOCUMENTATION_COMMENTS = YES;
				CLANG_WARN_EMPTY_BODY = YES;
				CLANG_WARN_ENUM_CONVERSION = YES;
				CLANG_WARN_INFINITE_RECURSION = YES;
				CLANG_WARN_INT_CONVERSION = YES;
				CLANG_WARN_NON_LITERAL_NULL_CONVERSION = YES;
				CLANG_WARN_OBJC_IMPLICIT_RETAIN_SELF = YES;
				CLANG_WARN_OBJC_LITERAL_CONVERSION = YES;
				CLANG_WARN_OBJC_ROOT_CLASS = YES_ERROR;
				CLANG_WARN_QUOTED_INCLUDE_IN_FRAMEWORK_HEADER = YES;
				CLANG_WARN_RANGE_LOOP_ANALYSIS = YES;
				CLANG_WARN_STRICT_PROTOTYPES = YES;
				CLANG_WARN_SUSPICIOUS_MOVE = YES;
				CLANG_WARN_UNGUARDED_AVAILABILITY = YES_AGGRESSIVE;
				CLANG_WARN_UNREACHABLE_CODE = YES;
				CLANG_WARN__DUPLICATE_METHOD_MATCH = YES;
				COPY_PHASE_STRIP = NO;
				DEBUG_INFORMATION_FORMAT = "dwarf-with-dsym";
				DEVELOPMENT_TEAM = VV548YNZL3;
				ENABLE_NS_ASSERTIONS = NO;
				ENABLE_STRICT_OBJC_MSGSEND = YES;
				ENABLE_USER_SCRIPT_SANDBOXING = YES;
				GCC_C_LANGUAGE_STANDARD = gnu17;
				GCC_NO_COMMON_BLOCKS = YES;
				GCC_WARN_64_TO_32_BIT_CONVERSION = YES;
				GCC_WARN_ABOUT_RETURN_TYPE = YES_ERROR;
				GCC_WARN_UNDECLARED_SELECTOR = YES;
				GCC_WARN_UNINITIALIZED_AUTOS = YES_AGGRESSIVE;
				GCC_WARN_UNUSED_FUNCTION = YES;
				GCC_WARN_UNUSED_VARIABLE = YES;
				LOCALIZATION_PREFERS_STRING_CATALOGS = YES;
				MACOSX_DEPLOYMENT_TARGET = 26.5;
				MTL_ENABLE_DEBUG_INFO = NO;
				MTL_FAST_MATH = YES;
				SDKROOT = macosx;
				SWIFT_COMPILATION_MODE = wholemodule;
			};
			name = Release;
		};
		DB0CF4F42FEDCA6D0036306B /* Debug */ = {
			isa = XCBuildConfiguration;
			buildSettings = {
				ASSETCATALOG_COMPILER_APPICON_NAME = Main;
				ASSETCATALOG_COMPILER_GLOBAL_ACCENT_COLOR_NAME = AccentColor;
				AUTOMATION_APPLE_EVENTS = NO;
				CLANG_ENABLE_MODULES = YES;
				CODE_SIGN_ENTITLEMENTS = Minna/Minna.entitlements;
				CODE_SIGN_STYLE = Automatic;
				COMBINE_HIDPI_IMAGES = YES;
				CURRENT_PROJECT_VERSION = 0.8.1;
				DEVELOPMENT_TEAM = VV548YNZL3;
				ENABLE_APP_SANDBOX = YES;
				ENABLE_HARDENED_RUNTIME = YES;
				ENABLE_INCOMING_NETWORK_CONNECTIONS = NO;
				ENABLE_OUTGOING_NETWORK_CONNECTIONS = YES;
				ENABLE_PREVIEWS = YES;
				ENABLE_RESOURCE_ACCESS_AUDIO_INPUT = NO;
				ENABLE_RESOURCE_ACCESS_BLUETOOTH = NO;
				ENABLE_RESOURCE_ACCESS_CALENDARS = NO;
				ENABLE_RESOURCE_ACCESS_CAMERA = NO;
				ENABLE_RESOURCE_ACCESS_CONTACTS = NO;
				ENABLE_RESOURCE_ACCESS_LOCATION = NO;
				ENABLE_RESOURCE_ACCESS_PHOTO_LIBRARY = NO;
				ENABLE_RESOURCE_ACCESS_PRINTING = NO;
				ENABLE_RESOURCE_ACCESS_USB = NO;
				ENABLE_USER_SCRIPT_SANDBOXING = NO;
				ENABLE_USER_SELECTED_FILES = readonly;
				FRAMEWORK_SEARCH_PATHS = (
					"$(inherited)",
					"$(PROJECT_DIR)/Frameworks",
				);
				GENERATE_INFOPLIST_FILE = YES;
				INFOPLIST_FILE = Minna/Info.plist;
				INFOPLIST_KEY_CFBundleDisplayName = Minna;
				INFOPLIST_KEY_LSApplicationCategoryType = "public.app-category.utilities";
				INFOPLIST_KEY_NSHumanReadableCopyright = "";
				LD_RUNPATH_SEARCH_PATHS = (
					"$(inherited)",
					"@executable_path/../Frameworks",
				);
				MACOSX_DEPLOYMENT_TARGET = 26.0;
				MARKETING_VERSION = 0.8.1;
				PRODUCT_BUNDLE_IDENTIFIER = com.tryminna.minna;
				PRODUCT_NAME = "$(TARGET_NAME)";
				REGISTER_APP_GROUPS = YES;
				RUNTIME_EXCEPTION_ALLOW_DYLD_ENVIRONMENT_VARIABLES = NO;
				RUNTIME_EXCEPTION_ALLOW_JIT = NO;
				RUNTIME_EXCEPTION_ALLOW_UNSIGNED_EXECUTABLE_MEMORY = NO;
				RUNTIME_EXCEPTION_DEBUGGING_TOOL = NO;
				RUNTIME_EXCEPTION_DISABLE_EXECUTABLE_PAGE_PROTECTION = NO;
				RUNTIME_EXCEPTION_DISABLE_LIBRARY_VALIDATION = YES;
				STRING_CATALOG_GENERATE_SYMBOLS = YES;
				SWIFT_APPROACHABLE_CONCURRENCY = YES;
				SWIFT_DEFAULT_ACTOR_ISOLATION = MainActor;
				SWIFT_EMIT_LOC_STRINGS = YES;
				SWIFT_OBJC_BRIDGING_HEADER = "Minna/objc/Minna-Bridging-Header.h";
				SWIFT_OPTIMIZATION_LEVEL = "-Onone";
				SWIFT_UPCOMING_FEATURE_MEMBER_IMPORT_VISIBILITY = YES;
				SWIFT_VERSION = 6.0;
			};
			name = Debug;
		};
		DB0CF4F52FEDCA6D0036306B /* Release */ = {
			isa = XCBuildConfiguration;
			buildSettings = {
				ASSETCATALOG_COMPILER_APPICON_NAME = Main;
				ASSETCATALOG_COMPILER_GLOBAL_ACCENT_COLOR_NAME = AccentColor;
				AUTOMATION_APPLE_EVENTS = NO;
				CLANG_ENABLE_MODULES = YES;
				CODE_SIGN_ENTITLEMENTS = Minna/Minna.entitlements;
				CODE_SIGN_STYLE = Automatic;
				COMBINE_HIDPI_IMAGES = YES;
				CURRENT_PROJECT_VERSION = 0.8.1;
				DEVELOPMENT_TEAM = VV548YNZL3;
				ENABLE_APP_SANDBOX = YES;
				ENABLE_HARDENED_RUNTIME = YES;
				ENABLE_INCOMING_NETWORK_CONNECTIONS = NO;
				ENABLE_OUTGOING_NETWORK_CONNECTIONS = YES;
				ENABLE_PREVIEWS = YES;
				ENABLE_RESOURCE_ACCESS_AUDIO_INPUT = NO;
				ENABLE_RESOURCE_ACCESS_BLUETOOTH = NO;
				ENABLE_RESOURCE_ACCESS_CALENDARS = NO;
				ENABLE_RESOURCE_ACCESS_CAMERA = NO;
				ENABLE_RESOURCE_ACCESS_CONTACTS = NO;
				ENABLE_RESOURCE_ACCESS_LOCATION = NO;
				ENABLE_RESOURCE_ACCESS_PHOTO_LIBRARY = NO;
				ENABLE_RESOURCE_ACCESS_PRINTING = NO;
				ENABLE_RESOURCE_ACCESS_USB = NO;
				ENABLE_USER_SCRIPT_SANDBOXING = NO;
				ENABLE_USER_SELECTED_FILES = readonly;
				FRAMEWORK_SEARCH_PATHS = (
					"$(inherited)",
					"$(PROJECT_DIR)/Frameworks",
				);
				GENERATE_INFOPLIST_FILE = YES;
				INFOPLIST_FILE = Minna/Info.plist;
				INFOPLIST_KEY_CFBundleDisplayName = Minna;
				INFOPLIST_KEY_LSApplicationCategoryType = "public.app-category.utilities";
				INFOPLIST_KEY_NSHumanReadableCopyright = "";
				LD_RUNPATH_SEARCH_PATHS = (
					"$(inherited)",
					"@executable_path/../Frameworks",
				);
				MACOSX_DEPLOYMENT_TARGET = 26.0;
				MARKETING_VERSION = 0.8.1;
				PRODUCT_BUNDLE_IDENTIFIER = com.tryminna.minna;
				PRODUCT_NAME = "$(TARGET_NAME)";
				REGISTER_APP_GROUPS = YES;
				RUNTIME_EXCEPTION_ALLOW_DYLD_ENVIRONMENT_VARIABLES = NO;
				RUNTIME_EXCEPTION_ALLOW_JIT = NO;
				RUNTIME_EXCEPTION_ALLOW_UNSIGNED_EXECUTABLE_MEMORY = NO;
				RUNTIME_EXCEPTION_DEBUGGING_TOOL = NO;
				RUNTIME_EXCEPTION_DISABLE_EXECUTABLE_PAGE_PROTECTION = NO;
				RUNTIME_EXCEPTION_DISABLE_LIBRARY_VALIDATION = YES;
				STRING_CATALOG_GENERATE_SYMBOLS = YES;
				SWIFT_APPROACHABLE_CONCURRENCY = YES;
				SWIFT_DEFAULT_ACTOR_ISOLATION = MainActor;
				SWIFT_EMIT_LOC_STRINGS = YES;
				SWIFT_OBJC_BRIDGING_HEADER = "Minna/objc/Minna-Bridging-Header.h";
				SWIFT_UPCOMING_FEATURE_MEMBER_IMPORT_VISIBILITY = YES;
				SWIFT_VERSION = 6.0;
			};
			name = Release;
		};
		DB0CF4F72FEDCA6D0036306B /* Debug */ = {
			isa = XCBuildConfiguration;
			buildSettings = {
				BUNDLE_LOADER = "$(TEST_HOST)";
				CODE_SIGN_STYLE = Automatic;
				CURRENT_PROJECT_VERSION = 0.8.0;
				DEVELOPMENT_TEAM = VV548YNZL3;
				GENERATE_INFOPLIST_FILE = YES;
				MACOSX_DEPLOYMENT_TARGET = 26.0;
				MARKETING_VERSION = 1.0;
				PRODUCT_BUNDLE_IDENTIFIER = com.tryminna.MinnaTests;
				PRODUCT_NAME = "$(TARGET_NAME)";
				STRING_CATALOG_GENERATE_SYMBOLS = NO;
				SWIFT_APPROACHABLE_CONCURRENCY = YES;
				SWIFT_EMIT_LOC_STRINGS = NO;
				SWIFT_UPCOMING_FEATURE_MEMBER_IMPORT_VISIBILITY = YES;
				SWIFT_VERSION = 5.0;
				TEST_HOST = "$(BUILT_PRODUCTS_DIR)/Minna.app/$(BUNDLE_EXECUTABLE_FOLDER_PATH)/Minna";
			};
			name = Debug;
		};
		DB0CF4F82FEDCA6D0036306B /* Release */ = {
			isa = XCBuildConfiguration;
			buildSettings = {
				BUNDLE_LOADER = "$(TEST_HOST)";
				CODE_SIGN_STYLE = Automatic;
				CURRENT_PROJECT_VERSION = 0.8.0;
				DEVELOPMENT_TEAM = VV548YNZL3;
				GENERATE_INFOPLIST_FILE = YES;
				MACOSX_DEPLOYMENT_TARGET = 26.0;
				MARKETING_VERSION = 1.0;
				PRODUCT_BUNDLE_IDENTIFIER = com.tryminna.MinnaTests;
				PRODUCT_NAME = "$(TARGET_NAME)";
				STRING_CATALOG_GENERATE_SYMBOLS = NO;
				SWIFT_APPROACHABLE_CONCURRENCY = YES;
				SWIFT_EMIT_LOC_STRINGS = NO;
				SWIFT_UPCOMING_FEATURE_MEMBER_IMPORT_VISIBILITY = YES;
				SWIFT_VERSION = 5.0;
				TEST_HOST = "$(BUILT_PRODUCTS_DIR)/Minna.app/$(BUNDLE_EXECUTABLE_FOLDER_PATH)/Minna";
			};
			name = Release;
		};
		DB0CF4FA2FEDCA6D0036306B /* Debug */ = {
			isa = XCBuildConfiguration;
			buildSettings = {
				CODE_SIGN_STYLE = Automatic;
				CURRENT_PROJECT_VERSION = 0.8.0;
				DEVELOPMENT_TEAM = VV548YNZL3;
				GENERATE_INFOPLIST_FILE = YES;
				MACOSX_DEPLOYMENT_TARGET = 26.0;
				MARKETING_VERSION = 1.0;
				PRODUCT_BUNDLE_IDENTIFIER = com.tryminna.MinnaUITests;
				PRODUCT_NAME = "$(TARGET_NAME)";
				STRING_CATALOG_GENERATE_SYMBOLS = NO;
				SWIFT_APPROACHABLE_CONCURRENCY = YES;
				SWIFT_EMIT_LOC_STRINGS = NO;
				SWIFT_UPCOMING_FEATURE_MEMBER_IMPORT_VISIBILITY = YES;
				SWIFT_VERSION = 5.0;
				TEST_TARGET_NAME = Minna;
			};
			name = Debug;
		};
		DB0CF4FB2FEDCA6D0036306B /* Release */ = {
			isa = XCBuildConfiguration;
			buildSettings = {
				CODE_SIGN_STYLE = Automatic;
				CURRENT_PROJECT_VERSION = 0.8.0;
				DEVELOPMENT_TEAM = VV548YNZL3;
				GENERATE_INFOPLIST_FILE = YES;
				MACOSX_DEPLOYMENT_TARGET = 26.0;
				MARKETING_VERSION = 1.0;
				PRODUCT_BUNDLE_IDENTIFIER = com.tryminna.MinnaUITests;
				PRODUCT_NAME = "$(TARGET_NAME)";
				STRING_CATALOG_GENERATE_SYMBOLS = NO;
				SWIFT_APPROACHABLE_CONCURRENCY = YES;
				SWIFT_EMIT_LOC_STRINGS = NO;
				SWIFT_UPCOMING_FEATURE_MEMBER_IMPORT_VISIBILITY = YES;
				SWIFT_VERSION = 5.0;
				TEST_TARGET_NAME = Minna;
			};
			name = Release;
		};
		DB3F89D130005AB7003FE515 /* Debug Sparkle */ = {
			isa = XCBuildConfiguration;
			buildSettings = {
				ALWAYS_SEARCH_USER_PATHS = NO;
				ASSETCATALOG_COMPILER_GENERATE_SWIFT_ASSET_SYMBOL_EXTENSIONS = YES;
				CLANG_ANALYZER_NONNULL = YES;
				CLANG_ANALYZER_NUMBER_OBJECT_CONVERSION = YES_AGGRESSIVE;
				CLANG_CXX_LANGUAGE_STANDARD = "gnu++20";
				CLANG_ENABLE_MODULES = YES;
				CLANG_ENABLE_OBJC_ARC = YES;
				CLANG_ENABLE_OBJC_WEAK = YES;
				CLANG_WARN_BLOCK_CAPTURE_AUTORELEASING = YES;
				CLANG_WARN_BOOL_CONVERSION = YES;
				CLANG_WARN_COMMA = YES;
				CLANG_WARN_CONSTANT_CONVERSION = YES;
				CLANG_WARN_DEPRECATED_OBJC_IMPLEMENTATIONS = YES;
				CLANG_WARN_DIRECT_OBJC_ISA_USAGE = YES_ERROR;
				CLANG_WARN_DOCUMENTATION_COMMENTS = YES;
				CLANG_WARN_EMPTY_BODY = YES;
				CLANG_WARN_ENUM_CONVERSION = YES;
				CLANG_WARN_INFINITE_RECURSION = YES;
				CLANG_WARN_INT_CONVERSION = YES;
				CLANG_WARN_NON_LITERAL_NULL_CONVERSION = YES;
				CLANG_WARN_OBJC_IMPLICIT_RETAIN_SELF = YES;
				CLANG_WARN_OBJC_LITERAL_CONVERSION = YES;
				CLANG_WARN_OBJC_ROOT_CLASS = YES_ERROR;
				CLANG_WARN_QUOTED_INCLUDE_IN_FRAMEWORK_HEADER = YES;
				CLANG_WARN_RANGE_LOOP_ANALYSIS = YES;
				CLANG_WARN_STRICT_PROTOTYPES = YES;
				CLANG_WARN_SUSPICIOUS_MOVE = YES;
				CLANG_WARN_UNGUARDED_AVAILABILITY = YES_AGGRESSIVE;
				CLANG_WARN_UNREACHABLE_CODE = YES;
				CLANG_WARN__DUPLICATE_METHOD_MATCH = YES;
				COPY_PHASE_STRIP = NO;
				DEBUG_INFORMATION_FORMAT = dwarf;
				DEVELOPMENT_TEAM = VV548YNZL3;
				ENABLE_STRICT_OBJC_MSGSEND = YES;
				ENABLE_TESTABILITY = YES;
				ENABLE_USER_SCRIPT_SANDBOXING = YES;
				GCC_C_LANGUAGE_STANDARD = gnu17;
				GCC_DYNAMIC_NO_PIC = NO;
				GCC_NO_COMMON_BLOCKS = YES;
				GCC_OPTIMIZATION_LEVEL = 0;
				GCC_PREPROCESSOR_DEFINITIONS = (
					"DEBUG=1",
					"$(inherited)",
				);
				GCC_WARN_64_TO_32_BIT_CONVERSION = YES;
				GCC_WARN_ABOUT_RETURN_TYPE = YES_ERROR;
				GCC_WARN_UNDECLARED_SELECTOR = YES;
				GCC_WARN_UNINITIALIZED_AUTOS = YES_AGGRESSIVE;
				GCC_WARN_UNUSED_FUNCTION = YES;
				GCC_WARN_UNUSED_VARIABLE = YES;
				LOCALIZATION_PREFERS_STRING_CATALOGS = YES;
				MACOSX_DEPLOYMENT_TARGET = 26.5;
				MTL_ENABLE_DEBUG_INFO = INCLUDE_SOURCE;
				MTL_FAST_MATH = YES;
				ONLY_ACTIVE_ARCH = YES;
				SDKROOT = macosx;
				SWIFT_ACTIVE_COMPILATION_CONDITIONS = "DEBUG $(inherited)";
				SWIFT_OPTIMIZATION_LEVEL = "-Onone";
			};
			name = "Debug Sparkle";
		};
		DB3F89D230005AB7003FE515 /* Debug Sparkle */ = {
			isa = XCBuildConfiguration;
			buildSettings = {
				ASSETCATALOG_COMPILER_APPICON_NAME = Main;
				ASSETCATALOG_COMPILER_GLOBAL_ACCENT_COLOR_NAME = AccentColor;
				AUTOMATION_APPLE_EVENTS = NO;
				CLANG_ENABLE_MODULES = YES;
				CODE_SIGN_ENTITLEMENTS = Minna/Minna.entitlements;
				CODE_SIGN_STYLE = Automatic;
				COMBINE_HIDPI_IMAGES = YES;
				CURRENT_PROJECT_VERSION = 0.8.1;
				DEVELOPMENT_TEAM = VV548YNZL3;
				ENABLE_APP_SANDBOX = YES;
				ENABLE_HARDENED_RUNTIME = YES;
				ENABLE_INCOMING_NETWORK_CONNECTIONS = NO;
				ENABLE_OUTGOING_NETWORK_CONNECTIONS = YES;
				ENABLE_PREVIEWS = YES;
				ENABLE_RESOURCE_ACCESS_AUDIO_INPUT = NO;
				ENABLE_RESOURCE_ACCESS_BLUETOOTH = NO;
				ENABLE_RESOURCE_ACCESS_CALENDARS = NO;
				ENABLE_RESOURCE_ACCESS_CAMERA = NO;
				ENABLE_RESOURCE_ACCESS_CONTACTS = NO;
				ENABLE_RESOURCE_ACCESS_LOCATION = NO;
				ENABLE_RESOURCE_ACCESS_PHOTO_LIBRARY = NO;
				ENABLE_RESOURCE_ACCESS_PRINTING = NO;
				ENABLE_RESOURCE_ACCESS_USB = NO;
				ENABLE_USER_SCRIPT_SANDBOXING = NO;
				ENABLE_USER_SELECTED_FILES = readonly;
				FRAMEWORK_SEARCH_PATHS = (
					"$(inherited)",
					"$(PROJECT_DIR)/Frameworks",
				);
				GENERATE_INFOPLIST_FILE = YES;
				INFOPLIST_FILE = Minna/Info.plist;
				INFOPLIST_KEY_CFBundleDisplayName = Minna;
				INFOPLIST_KEY_LSApplicationCategoryType = "public.app-category.utilities";
				INFOPLIST_KEY_NSHumanReadableCopyright = "";
				LD_RUNPATH_SEARCH_PATHS = (
					"$(inherited)",
					"@executable_path/../Frameworks",
				);
				MACOSX_DEPLOYMENT_TARGET = 26.0;
				MARKETING_VERSION = 0.8.1;
				OTHER_LDFLAGS = (
					"-framework",
					Sparkle,
				);
				PRODUCT_BUNDLE_IDENTIFIER = com.tryminna.minna;
				PRODUCT_NAME = "$(TARGET_NAME)";
				REGISTER_APP_GROUPS = YES;
				RUNTIME_EXCEPTION_ALLOW_DYLD_ENVIRONMENT_VARIABLES = NO;
				RUNTIME_EXCEPTION_ALLOW_JIT = NO;
				RUNTIME_EXCEPTION_ALLOW_UNSIGNED_EXECUTABLE_MEMORY = NO;
				RUNTIME_EXCEPTION_DEBUGGING_TOOL = NO;
				RUNTIME_EXCEPTION_DISABLE_EXECUTABLE_PAGE_PROTECTION = NO;
				RUNTIME_EXCEPTION_DISABLE_LIBRARY_VALIDATION = YES;
				STRING_CATALOG_GENERATE_SYMBOLS = YES;
				SWIFT_ACTIVE_COMPILATION_CONDITIONS = "$(inherited) SPARKLE";
				SWIFT_APPROACHABLE_CONCURRENCY = YES;
				SWIFT_DEFAULT_ACTOR_ISOLATION = MainActor;
				SWIFT_EMIT_LOC_STRINGS = YES;
				SWIFT_OBJC_BRIDGING_HEADER = "Minna/objc/Minna-Bridging-Header.h";
				SWIFT_OPTIMIZATION_LEVEL = "-Onone";
				SWIFT_UPCOMING_FEATURE_MEMBER_IMPORT_VISIBILITY = YES;
				SWIFT_VERSION = 6.0;
			};
			name = "Debug Sparkle";
		};
		DB3F89D330005AB7003FE515 /* Debug Sparkle */ = {
			isa = XCBuildConfiguration;
			buildSettings = {
				BUNDLE_LOADER = "$(TEST_HOST)";
				CODE_SIGN_STYLE = Automatic;
				CURRENT_PROJECT_VERSION = 0.8.0;
				DEVELOPMENT_TEAM = VV548YNZL3;
				GENERATE_INFOPLIST_FILE = YES;
				MACOSX_DEPLOYMENT_TARGET = 26.0;
				MARKETING_VERSION = 1.0;
				PRODUCT_BUNDLE_IDENTIFIER = com.tryminna.MinnaTests;
				PRODUCT_NAME = "$(TARGET_NAME)";
				STRING_CATALOG_GENERATE_SYMBOLS = NO;
				SWIFT_APPROACHABLE_CONCURRENCY = YES;
				SWIFT_EMIT_LOC_STRINGS = NO;
				SWIFT_UPCOMING_FEATURE_MEMBER_IMPORT_VISIBILITY = YES;
				SWIFT_VERSION = 5.0;
				TEST_HOST = "$(BUILT_PRODUCTS_DIR)/Minna.app/$(BUNDLE_EXECUTABLE_FOLDER_PATH)/Minna";
			};
			name = "Debug Sparkle";
		};
		DB3F89D430005AB7003FE515 /* Debug Sparkle */ = {
			isa = XCBuildConfiguration;
			buildSettings = {
				CODE_SIGN_STYLE = Automatic;
				CURRENT_PROJECT_VERSION = 0.8.0;
				DEVELOPMENT_TEAM = VV548YNZL3;
				GENERATE_INFOPLIST_FILE = YES;
				MACOSX_DEPLOYMENT_TARGET = 26.0;
				MARKETING_VERSION = 1.0;
				PRODUCT_BUNDLE_IDENTIFIER = com.tryminna.MinnaUITests;
				PRODUCT_NAME = "$(TARGET_NAME)";
				STRING_CATALOG_GENERATE_SYMBOLS = NO;
				SWIFT_APPROACHABLE_CONCURRENCY = YES;
				SWIFT_EMIT_LOC_STRINGS = NO;
				SWIFT_UPCOMING_FEATURE_MEMBER_IMPORT_VISIBILITY = YES;
				SWIFT_VERSION = 5.0;
				TEST_TARGET_NAME = Minna;
			};
			name = "Debug Sparkle";
		};
		DB3F89D530005ABC003FE515 /* Release Sparkle */ = {
			isa = XCBuildConfiguration;
			buildSettings = {
				ALWAYS_SEARCH_USER_PATHS = NO;
				ASSETCATALOG_COMPILER_GENERATE_SWIFT_ASSET_SYMBOL_EXTENSIONS = YES;
				CLANG_ANALYZER_NONNULL = YES;
				CLANG_ANALYZER_NUMBER_OBJECT_CONVERSION = YES_AGGRESSIVE;
				CLANG_CXX_LANGUAGE_STANDARD = "gnu++20";
				CLANG_ENABLE_MODULES = YES;
				CLANG_ENABLE_OBJC_ARC = YES;
				CLANG_ENABLE_OBJC_WEAK = YES;
				CLANG_WARN_BLOCK_CAPTURE_AUTORELEASING = YES;
				CLANG_WARN_BOOL_CONVERSION = YES;
				CLANG_WARN_COMMA = YES;
				CLANG_WARN_CONSTANT_CONVERSION = YES;
				CLANG_WARN_DEPRECATED_OBJC_IMPLEMENTATIONS = YES;
				CLANG_WARN_DIRECT_OBJC_ISA_USAGE = YES_ERROR;
				CLANG_WARN_DOCUMENTATION_COMMENTS = YES;
				CLANG_WARN_EMPTY_BODY = YES;
				CLANG_WARN_ENUM_CONVERSION = YES;
				CLANG_WARN_INFINITE_RECURSION = YES;
				CLANG_WARN_INT_CONVERSION = YES;
				CLANG_WARN_NON_LITERAL_NULL_CONVERSION = YES;
				CLANG_WARN_OBJC_IMPLICIT_RETAIN_SELF = YES;
				CLANG_WARN_OBJC_LITERAL_CONVERSION = YES;
				CLANG_WARN_OBJC_ROOT_CLASS = YES_ERROR;
				CLANG_WARN_QUOTED_INCLUDE_IN_FRAMEWORK_HEADER = YES;
				CLANG_WARN_RANGE_LOOP_ANALYSIS = YES;
				CLANG_WARN_STRICT_PROTOTYPES = YES;
				CLANG_WARN_SUSPICIOUS_MOVE = YES;
				CLANG_WARN_UNGUARDED_AVAILABILITY = YES_AGGRESSIVE;
				CLANG_WARN_UNREACHABLE_CODE = YES;
				CLANG_WARN__DUPLICATE_METHOD_MATCH = YES;
				COPY_PHASE_STRIP = NO;
				DEBUG_INFORMATION_FORMAT = "dwarf-with-dsym";
				DEVELOPMENT_TEAM = VV548YNZL3;
				ENABLE_NS_ASSERTIONS = NO;
				ENABLE_STRICT_OBJC_MSGSEND = YES;
				ENABLE_USER_SCRIPT_SANDBOXING = YES;
				GCC_C_LANGUAGE_STANDARD = gnu17;
				GCC_NO_COMMON_BLOCKS = YES;
				GCC_WARN_64_TO_32_BIT_CONVERSION = YES;
				GCC_WARN_ABOUT_RETURN_TYPE = YES_ERROR;
				GCC_WARN_UNDECLARED_SELECTOR = YES;
				GCC_WARN_UNINITIALIZED_AUTOS = YES_AGGRESSIVE;
				GCC_WARN_UNUSED_FUNCTION = YES;
				GCC_WARN_UNUSED_VARIABLE = YES;
				LOCALIZATION_PREFERS_STRING_CATALOGS = YES;
				MACOSX_DEPLOYMENT_TARGET = 26.5;
				MTL_ENABLE_DEBUG_INFO = NO;
				MTL_FAST_MATH = YES;
				SDKROOT = macosx;
				SWIFT_COMPILATION_MODE = wholemodule;
			};
			name = "Release Sparkle";
		};
		DB3F89D630005ABC003FE515 /* Release Sparkle */ = {
			isa = XCBuildConfiguration;
			buildSettings = {
				ASSETCATALOG_COMPILER_APPICON_NAME = Main;
				ASSETCATALOG_COMPILER_GLOBAL_ACCENT_COLOR_NAME = AccentColor;
				AUTOMATION_APPLE_EVENTS = NO;
				CLANG_ENABLE_MODULES = YES;
				CODE_SIGN_ENTITLEMENTS = Minna/Minna.entitlements;
				CODE_SIGN_STYLE = Automatic;
				COMBINE_HIDPI_IMAGES = YES;
				CURRENT_PROJECT_VERSION = 0.8.1;
				DEVELOPMENT_TEAM = VV548YNZL3;
				ENABLE_APP_SANDBOX = YES;
				ENABLE_HARDENED_RUNTIME = YES;
				ENABLE_INCOMING_NETWORK_CONNECTIONS = NO;
				ENABLE_OUTGOING_NETWORK_CONNECTIONS = YES;
				ENABLE_PREVIEWS = YES;
				ENABLE_RESOURCE_ACCESS_AUDIO_INPUT = NO;
				ENABLE_RESOURCE_ACCESS_BLUETOOTH = NO;
				ENABLE_RESOURCE_ACCESS_CALENDARS = NO;
				ENABLE_RESOURCE_ACCESS_CAMERA = NO;
				ENABLE_RESOURCE_ACCESS_CONTACTS = NO;
				ENABLE_RESOURCE_ACCESS_LOCATION = NO;
				ENABLE_RESOURCE_ACCESS_PHOTO_LIBRARY = NO;
				ENABLE_RESOURCE_ACCESS_PRINTING = NO;
				ENABLE_RESOURCE_ACCESS_USB = NO;
				ENABLE_USER_SCRIPT_SANDBOXING = NO;
				ENABLE_USER_SELECTED_FILES = readonly;
				FRAMEWORK_SEARCH_PATHS = (
					"$(inherited)",
					"$(PROJECT_DIR)/Frameworks",
				);
				GENERATE_INFOPLIST_FILE = YES;
				INFOPLIST_FILE = Minna/Info.plist;
				INFOPLIST_KEY_CFBundleDisplayName = Minna;
				INFOPLIST_KEY_LSApplicationCategoryType = "public.app-category.utilities";
				INFOPLIST_KEY_NSHumanReadableCopyright = "";
				LD_RUNPATH_SEARCH_PATHS = (
					"$(inherited)",
					"@executable_path/../Frameworks",
				);
				MACOSX_DEPLOYMENT_TARGET = 26.0;
				MARKETING_VERSION = 0.8.1;
				OTHER_LDFLAGS = (
					"-framework",
					Sparkle,
				);
				PRODUCT_BUNDLE_IDENTIFIER = com.tryminna.minna;
				PRODUCT_NAME = "$(TARGET_NAME)";
				REGISTER_APP_GROUPS = YES;
				RUNTIME_EXCEPTION_ALLOW_DYLD_ENVIRONMENT_VARIABLES = NO;
				RUNTIME_EXCEPTION_ALLOW_JIT = NO;
				RUNTIME_EXCEPTION_ALLOW_UNSIGNED_EXECUTABLE_MEMORY = NO;
				RUNTIME_EXCEPTION_DEBUGGING_TOOL = NO;
				RUNTIME_EXCEPTION_DISABLE_EXECUTABLE_PAGE_PROTECTION = NO;
				RUNTIME_EXCEPTION_DISABLE_LIBRARY_VALIDATION = YES;
				STRING_CATALOG_GENERATE_SYMBOLS = YES;
				SWIFT_ACTIVE_COMPILATION_CONDITIONS = "$(inherited) SPARKLE";
				SWIFT_APPROACHABLE_CONCURRENCY = YES;
				SWIFT_DEFAULT_ACTOR_ISOLATION = MainActor;
				SWIFT_EMIT_LOC_STRINGS = YES;
				SWIFT_OBJC_BRIDGING_HEADER = "Minna/objc/Minna-Bridging-Header.h";
				SWIFT_UPCOMING_FEATURE_MEMBER_IMPORT_VISIBILITY = YES;
				SWIFT_VERSION = 6.0;
			};
			name = "Release Sparkle";
		};
		DB3F89D730005ABC003FE515 /* Release Sparkle */ = {
			isa = XCBuildConfiguration;
			buildSettings = {
				BUNDLE_LOADER = "$(TEST_HOST)";
				CODE_SIGN_STYLE = Automatic;
				CURRENT_PROJECT_VERSION = 0.8.0;
				DEVELOPMENT_TEAM = VV548YNZL3;
				GENERATE_INFOPLIST_FILE = YES;
				MACOSX_DEPLOYMENT_TARGET = 26.0;
				MARKETING_VERSION = 1.0;
				PRODUCT_BUNDLE_IDENTIFIER = com.tryminna.MinnaTests;
				PRODUCT_NAME = "$(TARGET_NAME)";
				STRING_CATALOG_GENERATE_SYMBOLS = NO;
				SWIFT_APPROACHABLE_CONCURRENCY = YES;
				SWIFT_EMIT_LOC_STRINGS = NO;
				SWIFT_UPCOMING_FEATURE_MEMBER_IMPORT_VISIBILITY = YES;
				SWIFT_VERSION = 5.0;
				TEST_HOST = "$(BUILT_PRODUCTS_DIR)/Minna.app/$(BUNDLE_EXECUTABLE_FOLDER_PATH)/Minna";
			};
			name = "Release Sparkle";
		};
		DB3F89D830005ABC003FE515 /* Release Sparkle */ = {
			isa = XCBuildConfiguration;
			buildSettings = {
				CODE_SIGN_STYLE = Automatic;
				CURRENT_PROJECT_VERSION = 0.8.0;
				DEVELOPMENT_TEAM = VV548YNZL3;
				GENERATE_INFOPLIST_FILE = YES;
				MACOSX_DEPLOYMENT_TARGET = 26.0;
				MARKETING_VERSION = 1.0;
				PRODUCT_BUNDLE_IDENTIFIER = com.tryminna.MinnaUITests;
				PRODUCT_NAME = "$(TARGET_NAME)";
				STRING_CATALOG_GENERATE_SYMBOLS = NO;
				SWIFT_APPROACHABLE_CONCURRENCY = YES;
				SWIFT_EMIT_LOC_STRINGS = NO;
				SWIFT_UPCOMING_FEATURE_MEMBER_IMPORT_VISIBILITY = YES;
				SWIFT_VERSION = 5.0;
				TEST_TARGET_NAME = Minna;
			};
			name = "Release Sparkle";
		};
/* End XCBuildConfiguration section */

/* Begin XCConfigurationList section */
		DB0CF4CB2FEDCA6B0036306B /* Build configuration list for PBXProject "Minna" */ = {
			isa = XCConfigurationList;
			buildConfigurations = (
				DB0CF4F12FEDCA6D0036306B /* Debug */,
				DB3F89D130005AB7003FE515 /* Debug Sparkle */,
				DB0CF4F22FEDCA6D0036306B /* Release */,
				DB3F89D530005ABC003FE515 /* Release Sparkle */,
			);
			defaultConfigurationIsVisible = 0;
			defaultConfigurationName = Release;
		};
		DB0CF4F32FEDCA6D0036306B /* Build configuration list for PBXNativeTarget "Minna" */ = {
			isa = XCConfigurationList;
			buildConfigurations = (
				DB0CF4F42FEDCA6D0036306B /* Debug */,
				DB3F89D230005AB7003FE515 /* Debug Sparkle */,
				DB0CF4F52FEDCA6D0036306B /* Release */,
				DB3F89D630005ABC003FE515 /* Release Sparkle */,
			);
			defaultConfigurationIsVisible = 0;
			defaultConfigurationName = Release;
		};
		DB0CF4F62FEDCA6D0036306B /* Build configuration list for PBXNativeTarget "MinnaTests" */ = {
			isa = XCConfigurationList;
			buildConfigurations = (
				DB0CF4F72FEDCA6D0036306B /* Debug */,
				DB3F89D330005AB7003FE515 /* Debug Sparkle */,
				DB0CF4F82FEDCA6D0036306B /* Release */,
				DB3F89D730005ABC003FE515 /* Release Sparkle */,
			);
			defaultConfigurationIsVisible = 0;
			defaultConfigurationName = Release;
		};
		DB0CF4F92FEDCA6D0036306B /* Build configuration list for PBXNativeTarget "MinnaUITests" */ = {
			isa = XCConfigurationList;
			buildConfigurations = (
				DB0CF4FA2FEDCA6D0036306B /* Debug */,
				DB3F89D430005AB7003FE515 /* Debug Sparkle */,
				DB0CF4FB2FEDCA6D0036306B /* Release */,
				DB3F89D830005ABC003FE515 /* Release Sparkle */,
			);
			defaultConfigurationIsVisible = 0;
			defaultConfigurationName = Release;
		};
/* End XCConfigurationList section */

/* Begin XCRemoteSwiftPackageReference section */
		DB0CF5852FEDCB9E0036306B /* XCRemoteSwiftPackageReference "ViewStorage" */ = {
			isa = XCRemoteSwiftPackageReference;
			repositoryURL = "https://github.com/impel-intelligence/ViewStorage";
			requirement = {
				kind = upToNextMajorVersion;
				minimumVersion = 1.4.0;
			};
		};
		DB0CF5912FEDCBE80036306B /* XCRemoteSwiftPackageReference "BlurbKit" */ = {
			isa = XCRemoteSwiftPackageReference;
			repositoryURL = "https://github.com/impel-intelligence/BlurbKit";
			requirement = {
				kind = upToNextMajorVersion;
				minimumVersion = 0.1.2;
			};
		};
		DB0CF5942FEDCBF80036306B /* XCRemoteSwiftPackageReference "swift-collections" */ = {
			isa = XCRemoteSwiftPackageReference;
			repositoryURL = "https://github.com/apple/swift-collections.git";
			requirement = {
				kind = upToNextMajorVersion;
				minimumVersion = 1.6.0;
			};
		};
		DB0CF5972FEDCC040036306B /* XCRemoteSwiftPackageReference "SFSafeSymbols" */ = {
			isa = XCRemoteSwiftPackageReference;
			repositoryURL = "https://github.com/SFSafeSymbols/SFSafeSymbols";
			requirement = {
				kind = upToNextMajorVersion;
				minimumVersion = 7.0.0;
			};
		};
		DB0CF59D2FEDCD1D0036306B /* XCRemoteSwiftPackageReference "sentry-cocoa" */ = {
			isa = XCRemoteSwiftPackageReference;
			repositoryURL = "https://github.com/getsentry/sentry-cocoa";
			requirement = {
				kind = upToNextMajorVersion;
				minimumVersion = 9.19.0;
			};
			traits = (
			);
		};
		DB0CF5A12FEDD0970036306B /* XCRemoteSwiftPackageReference "SwiftLintPlugins" */ = {
			isa = XCRemoteSwiftPackageReference;
			repositoryURL = "https://github.com/SimplyDanny/SwiftLintPlugins";
			requirement = {
				kind = upToNextMajorVersion;
				minimumVersion = 0.64.1;
			};
		};
		DB9695542FF440F200CB037A /* XCRemoteSwiftPackageReference "textual" */ = {
			isa = XCRemoteSwiftPackageReference;
			repositoryURL = "https://github.com/gonzalezreal/textual";
			requirement = {
				kind = upToNextMajorVersion;
				minimumVersion = 0.5.0;
			};
		};
		DBD7CF4E2FF5689400A2CA0A /* XCRemoteSwiftPackageReference "keychain-swift" */ = {
			isa = XCRemoteSwiftPackageReference;
			repositoryURL = "https://github.com/evgenyneu/keychain-swift";
			requirement = {
				kind = upToNextMajorVersion;
				minimumVersion = 24.0.0;
			};
		};
		DBD7CFB92FF59FEC00A2CA0A /* XCRemoteSwiftPackageReference "ModernSettings" */ = {
			isa = XCRemoteSwiftPackageReference;
			repositoryURL = "https://github.com/ActuallyTaylor/ModernSettings";
			requirement = {
				kind = upToNextMajorVersion;
				minimumVersion = 1.0.0;
			};
		};
/* End XCRemoteSwiftPackageReference section */

/* Begin XCSwiftPackageProductDependency section */
		DB0CF5862FEDCB9E0036306B /* ViewStorage */ = {
			isa = XCSwiftPackageProductDependency;
			package = DB0CF5852FEDCB9E0036306B /* XCRemoteSwiftPackageReference "ViewStorage" */;
			productName = ViewStorage;
		};
		DB0CF5882FEDCB9E0036306B /* ViewStorageClient */ = {
			isa = XCSwiftPackageProductDependency;
			package = DB0CF5852FEDCB9E0036306B /* XCRemoteSwiftPackageReference "ViewStorage" */;
			productName = ViewStorageClient;
		};
		DB0CF5922FEDCBE80036306B /* BlurbKit */ = {
			isa = XCSwiftPackageProductDependency;
			package = DB0CF5912FEDCBE80036306B /* XCRemoteSwiftPackageReference "BlurbKit" */;
			productName = BlurbKit;
		};
		DB0CF5952FEDCBF80036306B /* OrderedCollections */ = {
			isa = XCSwiftPackageProductDependency;
			package = DB0CF5942FEDCBF80036306B /* XCRemoteSwiftPackageReference "swift-collections" */;
			productName = OrderedCollections;
		};
		DB0CF5982FEDCC040036306B /* SFSafeSymbols */ = {
			isa = XCSwiftPackageProductDependency;
			package = DB0CF5972FEDCC040036306B /* XCRemoteSwiftPackageReference "SFSafeSymbols" */;
			productName = SFSafeSymbols;
		};
		DB0CF59E2FEDCD1D0036306B /* SentrySPM */ = {
			isa = XCSwiftPackageProductDependency;
			package = DB0CF59D2FEDCD1D0036306B /* XCRemoteSwiftPackageReference "sentry-cocoa" */;
			productName = SentrySPM;
		};
		DB2BB96030052C7D00900E62 /* Digester */ = {
			isa = XCSwiftPackageProductDependency;
			productName = Digester;
		};
		DB2BB96230052C7D00900E62 /* IrisCommon */ = {
			isa = XCSwiftPackageProductDependency;
			productName = IrisCommon;
		};
		DB2BB96430052C7D00900E62 /* IrisSearch */ = {
			isa = XCSwiftPackageProductDependency;
			productName = IrisSearch;
		};
		DB9695552FF440F200CB037A /* Textual */ = {
			isa = XCSwiftPackageProductDependency;
			package = DB9695542FF440F200CB037A /* XCRemoteSwiftPackageReference "textual" */;
			productName = Textual;
		};
		DB9696A92FF492BF00CB037A /* DatabaseSchema */ = {
			isa = XCSwiftPackageProductDependency;
			productName = DatabaseSchema;
		};
		DB9696AB2FF492BF00CB037A /* MinnaChat */ = {
			isa = XCSwiftPackageProductDependency;
			productName = MinnaChat;
		};
		DB9696AD2FF492C000CB037A /* ModelManager */ = {
			isa = XCSwiftPackageProductDependency;
			productName = ModelManager;
		};
		DBD7CF4F2FF5689400A2CA0A /* KeychainSwift */ = {
			isa = XCSwiftPackageProductDependency;
			package = DBD7CF4E2FF5689400A2CA0A /* XCRemoteSwiftPackageReference "keychain-swift" */;
			productName = KeychainSwift;
		};
		DBD7CFBA2FF59FEC00A2CA0A /* ModernSettingsWindow */ = {
			isa = XCSwiftPackageProductDependency;
			package = DBD7CFB92FF59FEC00A2CA0A /* XCRemoteSwiftPackageReference "ModernSettings" */;
			productName = ModernSettingsWindow;
		};
		DBDCAF2C30013DAD00CAB9BC /* SwiftLintBuildToolPlugin */ = {
			isa = XCSwiftPackageProductDependency;
			package = DB0CF5A12FEDD0970036306B /* XCRemoteSwiftPackageReference "SwiftLintPlugins" */;
			productName = "plugin:SwiftLintBuildToolPlugin";
		};
/* End XCSwiftPackageProductDependency section */
	};
	rootObject = DB0CF4C82FEDCA6B0036306B /* Project object */;
}
