{
  "originHash" : "8609d33afd96c2710b15cd629be7b4ef8c9252c830c2751b06333dd5d11d347f",
  "pins" : [
    {
      "identity" : "grdb.swift",
      "kind" : "remoteSourceControl",
      "location" : "https://github.com/groue/GRDB.swift",
      "state" : {
        "revision" : "b83108d10f42680d78f23fe4d4d80fc88dab3212",
        "version" : "7.11.1"
      }
    },
    {
      "identity" : "swiftfaiss",
      "kind" : "remoteSourceControl",
      "location" : "https://github.com/impel-intelligence/SwiftFaiss",
      "state" : {
        "revision" : "e1ee23998f7c8a2e52da0ef39dda6d0c47355fbd",
        "version" : "0.4.1"
      }
    }
  ],
  "version" : 3
}
